
Microsoft Visual Studio Solution File, Format Version 12.00
# Visual Studio Version 17
VisualStudioVersion = 17.8.34330.188
MinimumVisualStudioVersion = 10.0.40219.1
Project("{FAE04EC0-301F-11D3-BF4B-00C04F79EFBC}") = "Heranca_Polimorfismo", "Heranca_Polimorfismo\Heranca_Polimorfismo.csproj", "{99094881-98FE-4C0D-A549-67152FC33802}"
EndProject
Global
	GlobalSection(SolutionConfigurationPlatforms) = preSolution
		Debug|Any CPU = Debug|Any CPU
		Release|Any CPU = Release|Any CPU
	EndGlobalSection
	GlobalSection(ProjectConfigurationPlatforms) = postSolution
		{99094881-98FE-4C0D-A549-67152FC33802}.Debug|Any CPU.ActiveCfg = Debug|Any CPU
		{99094881-98FE-4C0D-A549-67152FC33802}.Debug|Any CPU.Build.0 = Debug|Any CPU
		{99094881-98FE-4C0D-A549-67152FC33802}.Release|Any CPU.ActiveCfg = Release|Any CPU
		{99094881-98FE-4C0D-A549-67152FC33802}.Release|Any CPU.Build.0 = Release|Any CPU
	EndGlobalSection
	GlobalSection(SolutionProperties) = preSolution
		HideSolutionNode = FALSE
	EndGlobalSection
	GlobalSection(ExtensibilityGlobals) = postSolution
		SolutionGuid = {6493C585-4272-4DC2-882C-DC536D04AD2F}
	EndGlobalSection
EndGlobal
